// !$*UTF8*$!
{
	archiveVersion = 1;
	classes = {
	};
	objectVersion = 46;
	objects = {

/* Begin PBXBuildFile section */
		2707362B1E20609E003E8B72 /* EventDetailsManager.swift in Sources */ = {isa = PBXBuildFile; fileRef = 2707362A1E20609E003E8B72 /* EventDetailsManager.swift */; };
		270991051E1E289000267071 /* StepSlider.swift in Sources */ = {isa = PBXBuildFile; fileRef = 270991041E1E289000267071 /* StepSlider.swift */; };
		27190C5B1E1F4147002D3CB4 /* QuickDayPickerCell.swift in Sources */ = {isa = PBXBuildFile; fileRef = 27190C5A1E1F4147002D3CB4 /* QuickDayPickerCell.swift */; };
		272455741E1DCCA400F3856F /* Category.swift in Sources */ = {isa = PBXBuildFile; fileRef = 272455731E1DCCA400F3856F /* Category.swift */; };
		272455771E1DCE3000F3856F /* DataManager.swift in Sources */ = {isa = PBXBuildFile; fileRef = 272455761E1DCE3000F3856F /* DataManager.swift */; };
		274B28FD1E4071B90005F22C /* GoogleService-Info.plist in Resources */ = {isa = PBXBuildFile; fileRef = 274B28FC1E4071B90005F22C /* GoogleService-Info.plist */; };
		274B28FE1E4071B90005F22C /* GoogleService-Info.plist in Resources */ = {isa = PBXBuildFile; fileRef = 274B28FC1E4071B90005F22C /* GoogleService-Info.plist */; };
		274B28FF1E4071B90005F22C /* GoogleService-Info.plist in Resources */ = {isa = PBXBuildFile; fileRef = 274B28FC1E4071B90005F22C /* GoogleService-Info.plist */; };
		274B29021E4073930005F22C /* AnalyticsManager.swift in Sources */ = {isa = PBXBuildFile; fileRef = 274B29011E4073930005F22C /* AnalyticsManager.swift */; };
		274B29031E4073930005F22C /* AnalyticsManager.swift in Sources */ = {isa = PBXBuildFile; fileRef = 274B29011E4073930005F22C /* AnalyticsManager.swift */; };
		274B29041E4073930005F22C /* AnalyticsManager.swift in Sources */ = {isa = PBXBuildFile; fileRef = 274B29011E4073930005F22C /* AnalyticsManager.swift */; };
		274DD6AE1E457BF3003CD0F6 /* CalendarError.swift in Sources */ = {isa = PBXBuildFile; fileRef = 274DD6AD1E457BF3003CD0F6 /* CalendarError.swift */; };
		274FA89C1E1DCBC7008E297C /* EventDetails.swift in Sources */ = {isa = PBXBuildFile; fileRef = 274FA89B1E1DCBC7008E297C /* EventDetails.swift */; };
		2757074B1E2733B3002A3060 /* CategoryEditCell.swift in Sources */ = {isa = PBXBuildFile; fileRef = 2757074A1E2733B3002A3060 /* CategoryEditCell.swift */; };
		2757074D1E27340A002A3060 /* CategoryEditing.swift in Sources */ = {isa = PBXBuildFile; fileRef = 2757074C1E27340A002A3060 /* CategoryEditing.swift */; };
		2757074F1E2741E2002A3060 /* CategoryDetailsEdit.swift in Sources */ = {isa = PBXBuildFile; fileRef = 2757074E1E2741E2002A3060 /* CategoryDetailsEdit.swift */; };
		2770E12D1E3A8876003AA5F4 /* OnboardingPageExtensions.swift in Sources */ = {isa = PBXBuildFile; fileRef = 2770E12C1E3A8876003AA5F4 /* OnboardingPageExtensions.swift */; };
		2770E12F1E3AAB80003AA5F4 /* AngleHelper.swift in Sources */ = {isa = PBXBuildFile; fileRef = 2770E12E1E3AAB80003AA5F4 /* AngleHelper.swift */; };
		277EDB661E52614100CD172B /* SplashScreen.swift in Sources */ = {isa = PBXBuildFile; fileRef = 277EDB651E52614000CD172B /* SplashScreen.swift */; };
		277EDB691E52637000CD172B /* TileGridView.swift in Sources */ = {isa = PBXBuildFile; fileRef = 277EDB681E52637000CD172B /* TileGridView.swift */; };
		277EDB6B1E52637500CD172B /* TileView.swift in Sources */ = {isa = PBXBuildFile; fileRef = 277EDB6A1E52637500CD172B /* TileView.swift */; };
		277EDB6D1E52651400CD172B /* SplashScreenOptions.swift in Sources */ = {isa = PBXBuildFile; fileRef = 277EDB6C1E52651400CD172B /* SplashScreenOptions.swift */; };
		277EDB6F1E52687A00CD172B /* RootContainerViewController.swift in Sources */ = {isa = PBXBuildFile; fileRef = 277EDB6E1E52687A00CD172B /* RootContainerViewController.swift */; };
		279022631E209BF10062FFE8 /* EventListCell.swift in Sources */ = {isa = PBXBuildFile; fileRef = 279022621E209BF10062FFE8 /* EventListCell.swift */; };
		279D7B6F1E1F4AF8005D1C84 /* HideKeyboardExtension.swift in Sources */ = {isa = PBXBuildFile; fileRef = 279D7B6E1E1F4AF8005D1C84 /* HideKeyboardExtension.swift */; };
		279E898C1E466A5400C38C6D /* CalendarErrorExtension.swift in Sources */ = {isa = PBXBuildFile; fileRef = 279E898B1E466A5400C38C6D /* CalendarErrorExtension.swift */; };
		27AAE8B81E3D8A37006D2173 /* LocationListCell.swift in Sources */ = {isa = PBXBuildFile; fileRef = 27AAE8B71E3D8A37006D2173 /* LocationListCell.swift */; };
		27AAE8BA1E3DAB73006D2173 /* OnboardingPageThree.swift in Sources */ = {isa = PBXBuildFile; fileRef = 27AAE8B91E3DAB73006D2173 /* OnboardingPageThree.swift */; };
		27BA98041E2C937B0055AA54 /* NameLocationFrequencyCell.swift in Sources */ = {isa = PBXBuildFile; fileRef = 27BA98031E2C937B0055AA54 /* NameLocationFrequencyCell.swift */; };
		27BDFD791E1D9E0500B8C474 /* AppDelegate.swift in Sources */ = {isa = PBXBuildFile; fileRef = 27BDFD781E1D9E0500B8C474 /* AppDelegate.swift */; };
		27BDFD7B1E1D9E0500B8C474 /* CategorySelection.swift in Sources */ = {isa = PBXBuildFile; fileRef = 27BDFD7A1E1D9E0500B8C474 /* CategorySelection.swift */; };
		27BDFD7E1E1D9E0500B8C474 /* Main.storyboard in Resources */ = {isa = PBXBuildFile; fileRef = 27BDFD7C1E1D9E0500B8C474 /* Main.storyboard */; };
		27BDFD801E1D9E0500B8C474 /* Assets.xcassets in Resources */ = {isa = PBXBuildFile; fileRef = 27BDFD7F1E1D9E0500B8C474 /* Assets.xcassets */; };
		27BDFD831E1D9E0500B8C474 /* LaunchScreen.storyboard in Resources */ = {isa = PBXBuildFile; fileRef = 27BDFD811E1D9E0500B8C474 /* LaunchScreen.storyboard */; };
		27BDFD8E1E1D9E0500B8C474 /* Calendar_Event_Template_AppTests.swift in Sources */ = {isa = PBXBuildFile; fileRef = 27BDFD8D1E1D9E0500B8C474 /* Calendar_Event_Template_AppTests.swift */; };
		27BDFD991E1D9E0500B8C474 /* Calendar_Event_Template_AppUITests.swift in Sources */ = {isa = PBXBuildFile; fileRef = 27BDFD981E1D9E0500B8C474 /* Calendar_Event_Template_AppUITests.swift */; };
		27BDFDA71E1DB4D100B8C474 /* Constants.swift in Sources */ = {isa = PBXBuildFile; fileRef = 27BDFDA61E1DB4D100B8C474 /* Constants.swift */; };
		27BDFDAA1E1DBE1700B8C474 /* CategoryCollectionCell.swift in Sources */ = {isa = PBXBuildFile; fileRef = 27BDFDA91E1DBE1700B8C474 /* CategoryCollectionCell.swift */; };
		27CBC4FF1E35C4B4001CE9DA /* OnboardingPager.swift in Sources */ = {isa = PBXBuildFile; fileRef = 27CBC4FE1E35C4B4001CE9DA /* OnboardingPager.swift */; };
		27CBC5021E35C4FF001CE9DA /* OnboardingPageOne.swift in Sources */ = {isa = PBXBuildFile; fileRef = 27CBC5011E35C4FF001CE9DA /* OnboardingPageOne.swift */; };
		27CBC5041E35C5E8001CE9DA /* OnboardingPageTwo.swift in Sources */ = {isa = PBXBuildFile; fileRef = 27CBC5031E35C5E8001CE9DA /* OnboardingPageTwo.swift */; };
		27CBC5081E35C6DD001CE9DA /* OnboardingPageFour.swift in Sources */ = {isa = PBXBuildFile; fileRef = 27CBC5071E35C6DD001CE9DA /* OnboardingPageFour.swift */; };
		27DC4E7E1E2061B700F510D3 /* DateExtension.swift in Sources */ = {isa = PBXBuildFile; fileRef = 27DC4E7D1E2061B700F510D3 /* DateExtension.swift */; };
		27DC4E801E20758500F510D3 /* CustomTextField.swift in Sources */ = {isa = PBXBuildFile; fileRef = 27DC4E7F1E20758500F510D3 /* CustomTextField.swift */; };
		27DC4E821E2089EA00F510D3 /* CalendarManager.swift in Sources */ = {isa = PBXBuildFile; fileRef = 27DC4E811E2089EA00F510D3 /* CalendarManager.swift */; };
		27F4D5CF1E2EADD4005EDD36 /* AutocompleteTextField.swift in Sources */ = {isa = PBXBuildFile; fileRef = 27F4D5CE1E2EADD4005EDD36 /* AutocompleteTextField.swift */; };
		89A6D30701015F6C36C01ED9 /* Pods_Slate_CalendarTests.framework in Frameworks */ = {isa = PBXBuildFile; fileRef = 51576BE6263A154988E5344E /* Pods_Slate_CalendarTests.framework */; };
		97215F337C13F387685BA9EE /* Pods_Slate_Calendar.framework in Frameworks */ = {isa = PBXBuildFile; fileRef = 3C4CD9236060C1CA0576533A /* Pods_Slate_Calendar.framework */; };
		F2CC678A7633D403168682FB /* Pods_Slate_CalendarUITests.framework in Frameworks */ = {isa = PBXBuildFile; fileRef = D100C9B2AA4B980A7B1187B0 /* Pods_Slate_CalendarUITests.framework */; };
/* End PBXBuildFile section */

/* Begin PBXContainerItemProxy section */
		27BDFD8A1E1D9E0500B8C474 /* PBXContainerItemProxy */ = {
			isa = PBXContainerItemProxy;
			containerPortal = 27BDFD6D1E1D9E0500B8C474 /* Project object */;
			proxyType = 1;
			remoteGlobalIDString = 27BDFD741E1D9E0500B8C474;
			remoteInfo = "Calendar Event Template App";
		};
		27BDFD951E1D9E0500B8C474 /* PBXContainerItemProxy */ = {
			isa = PBXContainerItemProxy;
			containerPortal = 27BDFD6D1E1D9E0500B8C474 /* Project object */;
			proxyType = 1;
			remoteGlobalIDString = 27BDFD741E1D9E0500B8C474;
			remoteInfo = "Calendar Event Template App";
		};
/* End PBXContainerItemProxy section */

/* Begin PBXFileReference section */
		113AA588E9F202C994346248 /* Pods-Slate Calendar.release.xcconfig */ = {isa = PBXFileReference; includeInIndex = 1; lastKnownFileType = text.xcconfig; name = "Pods-Slate Calendar.release.xcconfig"; path = "Pods/Target Support Files/Pods-Slate Calendar/Pods-Slate Calendar.release.xcconfig"; sourceTree = "<group>"; };
		14FFD7AD1C4DCA7FCEF54453 /* Pods-Slate CalendarUITests.debug.xcconfig */ = {isa = PBXFileReference; includeInIndex = 1; lastKnownFileType = text.xcconfig; name = "Pods-Slate CalendarUITests.debug.xcconfig"; path = "Pods/Target Support Files/Pods-Slate CalendarUITests/Pods-Slate CalendarUITests.debug.xcconfig"; sourceTree = "<group>"; };
		17BA721BB0556F757E2249E8 /* Pods-Slate Calendar.debug.xcconfig */ = {isa = PBXFileReference; includeInIndex = 1; lastKnownFileType = text.xcconfig; name = "Pods-Slate Calendar.debug.xcconfig"; path = "Pods/Target Support Files/Pods-Slate Calendar/Pods-Slate Calendar.debug.xcconfig"; sourceTree = "<group>"; };
		2707362A1E20609E003E8B72 /* EventDetailsManager.swift */ = {isa = PBXFileReference; fileEncoding = 4; lastKnownFileType = sourcecode.swift; path = EventDetailsManager.swift; sourceTree = "<group>"; };
		270991041E1E289000267071 /* StepSlider.swift */ = {isa = PBXFileReference; fileEncoding = 4; lastKnownFileType = sourcecode.swift; path = StepSlider.swift; sourceTree = "<group>"; };
		27190C5A1E1F4147002D3CB4 /* QuickDayPickerCell.swift */ = {isa = PBXFileReference; fileEncoding = 4; lastKnownFileType = sourcecode.swift; path = QuickDayPickerCell.swift; sourceTree = "<group>"; };
		272455731E1DCCA400F3856F /* Category.swift */ = {isa = PBXFileReference; fileEncoding = 4; lastKnownFileType = sourcecode.swift; path = Category.swift; sourceTree = "<group>"; };
		272455761E1DCE3000F3856F /* DataManager.swift */ = {isa = PBXFileReference; fileEncoding = 4; lastKnownFileType = sourcecode.swift; path = DataManager.swift; sourceTree = "<group>"; };
		274B28FC1E4071B90005F22C /* GoogleService-Info.plist */ = {isa = PBXFileReference; fileEncoding = 4; lastKnownFileType = text.plist.xml; path = "GoogleService-Info.plist"; sourceTree = "<group>"; };
		274B29001E4072280005F22C /* Slate Calendar-Bridging-Header.h */ = {isa = PBXFileReference; lastKnownFileType = sourcecode.c.h; path = "Slate Calendar-Bridging-Header.h"; sourceTree = "<group>"; };
		274B29011E4073930005F22C /* AnalyticsManager.swift */ = {isa = PBXFileReference; fileEncoding = 4; lastKnownFileType = sourcecode.swift; path = AnalyticsManager.swift; sourceTree = "<group>"; };
		274DD6AD1E457BF3003CD0F6 /* CalendarError.swift */ = {isa = PBXFileReference; fileEncoding = 4; lastKnownFileType = sourcecode.swift; path = CalendarError.swift; sourceTree = "<group>"; };
		274FA89B1E1DCBC7008E297C /* EventDetails.swift */ = {isa = PBXFileReference; fileEncoding = 4; lastKnownFileType = sourcecode.swift; path = EventDetails.swift; sourceTree = "<group>"; };
		2757074A1E2733B3002A3060 /* CategoryEditCell.swift */ = {isa = PBXFileReference; fileEncoding = 4; lastKnownFileType = sourcecode.swift; path = CategoryEditCell.swift; sourceTree = "<group>"; };
		2757074C1E27340A002A3060 /* CategoryEditing.swift */ = {isa = PBXFileReference; fileEncoding = 4; lastKnownFileType = sourcecode.swift; path = CategoryEditing.swift; sourceTree = "<group>"; };
		2757074E1E2741E2002A3060 /* CategoryDetailsEdit.swift */ = {isa = PBXFileReference; fileEncoding = 4; lastKnownFileType = sourcecode.swift; path = CategoryDetailsEdit.swift; sourceTree = "<group>"; };
		2770E12C1E3A8876003AA5F4 /* OnboardingPageExtensions.swift */ = {isa = PBXFileReference; fileEncoding = 4; lastKnownFileType = sourcecode.swift; path = OnboardingPageExtensions.swift; sourceTree = "<group>"; };
		2770E12E1E3AAB80003AA5F4 /* AngleHelper.swift */ = {isa = PBXFileReference; fileEncoding = 4; lastKnownFileType = sourcecode.swift; path = AngleHelper.swift; sourceTree = "<group>"; };
		277EDB651E52614000CD172B /* SplashScreen.swift */ = {isa = PBXFileReference; fileEncoding = 4; lastKnownFileType = sourcecode.swift; path = SplashScreen.swift; sourceTree = "<group>"; };
		277EDB681E52637000CD172B /* TileGridView.swift */ = {isa = PBXFileReference; fileEncoding = 4; lastKnownFileType = sourcecode.swift; path = TileGridView.swift; sourceTree = "<group>"; };
		277EDB6A1E52637500CD172B /* TileView.swift */ = {isa = PBXFileReference; fileEncoding = 4; lastKnownFileType = sourcecode.swift; path = TileView.swift; sourceTree = "<group>"; };
		277EDB6C1E52651400CD172B /* SplashScreenOptions.swift */ = {isa = PBXFileReference; fileEncoding = 4; lastKnownFileType = sourcecode.swift; path = SplashScreenOptions.swift; sourceTree = "<group>"; };
		277EDB6E1E52687A00CD172B /* RootContainerViewController.swift */ = {isa = PBXFileReference; fileEncoding = 4; lastKnownFileType = sourcecode.swift; path = RootContainerViewController.swift; sourceTree = "<group>"; };
		279022621E209BF10062FFE8 /* EventListCell.swift */ = {isa = PBXFileReference; fileEncoding = 4; lastKnownFileType = sourcecode.swift; path = EventListCell.swift; sourceTree = "<group>"; };
		279D7B6E1E1F4AF8005D1C84 /* HideKeyboardExtension.swift */ = {isa = PBXFileReference; fileEncoding = 4; lastKnownFileType = sourcecode.swift; path = HideKeyboardExtension.swift; sourceTree = "<group>"; };
		279E898B1E466A5400C38C6D /* CalendarErrorExtension.swift */ = {isa = PBXFileReference; fileEncoding = 4; lastKnownFileType = sourcecode.swift; path = CalendarErrorExtension.swift; sourceTree = "<group>"; };
		27AAE8B71E3D8A37006D2173 /* LocationListCell.swift */ = {isa = PBXFileReference; fileEncoding = 4; lastKnownFileType = sourcecode.swift; path = LocationListCell.swift; sourceTree = "<group>"; };
		27AAE8B91E3DAB73006D2173 /* OnboardingPageThree.swift */ = {isa = PBXFileReference; fileEncoding = 4; lastKnownFileType = sourcecode.swift; path = OnboardingPageThree.swift; sourceTree = "<group>"; };
		27BA98031E2C937B0055AA54 /* NameLocationFrequencyCell.swift */ = {isa = PBXFileReference; fileEncoding = 4; lastKnownFileType = sourcecode.swift; path = NameLocationFrequencyCell.swift; sourceTree = "<group>"; };
		27BDFD751E1D9E0500B8C474 /* Slate Calendar.app */ = {isa = PBXFileReference; explicitFileType = wrapper.application; includeInIndex = 0; path = "Slate Calendar.app"; sourceTree = BUILT_PRODUCTS_DIR; };
		27BDFD781E1D9E0500B8C474 /* AppDelegate.swift */ = {isa = PBXFileReference; lastKnownFileType = sourcecode.swift; path = AppDelegate.swift; sourceTree = "<group>"; };
		27BDFD7A1E1D9E0500B8C474 /* CategorySelection.swift */ = {isa = PBXFileReference; lastKnownFileType = sourcecode.swift; path = CategorySelection.swift; sourceTree = "<group>"; };
		27BDFD7D1E1D9E0500B8C474 /* Base */ = {isa = PBXFileReference; lastKnownFileType = file.storyboard; name = Base; path = Base.lproj/Main.storyboard; sourceTree = "<group>"; };
		27BDFD7F1E1D9E0500B8C474 /* Assets.xcassets */ = {isa = PBXFileReference; lastKnownFileType = folder.assetcatalog; path = Assets.xcassets; sourceTree = "<group>"; };
		27BDFD821E1D9E0500B8C474 /* Base */ = {isa = PBXFileReference; lastKnownFileType = file.storyboard; name = Base; path = Base.lproj/LaunchScreen.storyboard; sourceTree = "<group>"; };
		27BDFD841E1D9E0500B8C474 /* Info.plist */ = {isa = PBXFileReference; lastKnownFileType = text.plist.xml; path = Info.plist; sourceTree = "<group>"; };
		27BDFD891E1D9E0500B8C474 /* Slate CalendarTests.xctest */ = {isa = PBXFileReference; explicitFileType = wrapper.cfbundle; includeInIndex = 0; path = "Slate CalendarTests.xctest"; sourceTree = BUILT_PRODUCTS_DIR; };
		27BDFD8D1E1D9E0500B8C474 /* Calendar_Event_Template_AppTests.swift */ = {isa = PBXFileReference; lastKnownFileType = sourcecode.swift; path = Calendar_Event_Template_AppTests.swift; sourceTree = "<group>"; };
		27BDFD8F1E1D9E0500B8C474 /* Info.plist */ = {isa = PBXFileReference; lastKnownFileType = text.plist.xml; path = Info.plist; sourceTree = "<group>"; };
		27BDFD941E1D9E0500B8C474 /* Slate CalendarUITests.xctest */ = {isa = PBXFileReference; explicitFileType = wrapper.cfbundle; includeInIndex = 0; path = "Slate CalendarUITests.xctest"; sourceTree = BUILT_PRODUCTS_DIR; };
		27BDFD981E1D9E0500B8C474 /* Calendar_Event_Template_AppUITests.swift */ = {isa = PBXFileReference; lastKnownFileType = sourcecode.swift; path = Calendar_Event_Template_AppUITests.swift; sourceTree = "<group>"; };
		27BDFD9A1E1D9E0500B8C474 /* Info.plist */ = {isa = PBXFileReference; lastKnownFileType = text.plist.xml; path = Info.plist; sourceTree = "<group>"; };
		27BDFDA61E1DB4D100B8C474 /* Constants.swift */ = {isa = PBXFileReference; fileEncoding = 4; lastKnownFileType = sourcecode.swift; path = Constants.swift; sourceTree = "<group>"; };
		27BDFDA91E1DBE1700B8C474 /* CategoryCollectionCell.swift */ = {isa = PBXFileReference; fileEncoding = 4; lastKnownFileType = sourcecode.swift; path = CategoryCollectionCell.swift; sourceTree = "<group>"; };
		27CBC4FE1E35C4B4001CE9DA /* OnboardingPager.swift */ = {isa = PBXFileReference; fileEncoding = 4; lastKnownFileType = sourcecode.swift; path = OnboardingPager.swift; sourceTree = "<group>"; };
		27CBC5011E35C4FF001CE9DA /* OnboardingPageOne.swift */ = {isa = PBXFileReference; fileEncoding = 4; lastKnownFileType = sourcecode.swift; path = OnboardingPageOne.swift; sourceTree = "<group>"; };
		27CBC5031E35C5E8001CE9DA /* OnboardingPageTwo.swift */ = {isa = PBXFileReference; fileEncoding = 4; lastKnownFileType = sourcecode.swift; path = OnboardingPageTwo.swift; sourceTree = "<group>"; };
		27CBC5071E35C6DD001CE9DA /* OnboardingPageFour.swift */ = {isa = PBXFileReference; fileEncoding = 4; lastKnownFileType = sourcecode.swift; path = OnboardingPageFour.swift; sourceTree = "<group>"; };
		27DC4E7D1E2061B700F510D3 /* DateExtension.swift */ = {isa = PBXFileReference; fileEncoding = 4; lastKnownFileType = sourcecode.swift; path = DateExtension.swift; sourceTree = "<group>"; };
		27DC4E7F1E20758500F510D3 /* CustomTextField.swift */ = {isa = PBXFileReference; fileEncoding = 4; lastKnownFileType = sourcecode.swift; path = CustomTextField.swift; sourceTree = "<group>"; };
		27DC4E811E2089EA00F510D3 /* CalendarManager.swift */ = {isa = PBXFileReference; fileEncoding = 4; lastKnownFileType = sourcecode.swift; path = CalendarManager.swift; sourceTree = "<group>"; };
		27F4D5CE1E2EADD4005EDD36 /* AutocompleteTextField.swift */ = {isa = PBXFileReference; fileEncoding = 4; lastKnownFileType = sourcecode.swift; path = AutocompleteTextField.swift; sourceTree = "<group>"; };
		3C4CD9236060C1CA0576533A /* Pods_Slate_Calendar.framework */ = {isa = PBXFileReference; explicitFileType = wrapper.framework; includeInIndex = 0; path = Pods_Slate_Calendar.framework; sourceTree = BUILT_PRODUCTS_DIR; };
		51576BE6263A154988E5344E /* Pods_Slate_CalendarTests.framework */ = {isa = PBXFileReference; explicitFileType = wrapper.framework; includeInIndex = 0; path = Pods_Slate_CalendarTests.framework; sourceTree = BUILT_PRODUCTS_DIR; };
		5704AD66E7A0106ECF91377D /* Pods-Slate CalendarUITests.release.xcconfig */ = {isa = PBXFileReference; includeInIndex = 1; lastKnownFileType = text.xcconfig; name = "Pods-Slate CalendarUITests.release.xcconfig"; path = "Pods/Target Support Files/Pods-Slate CalendarUITests/Pods-Slate CalendarUITests.release.xcconfig"; sourceTree = "<group>"; };
		9B5E40D8AFDADA79176E69E8 /* Pods-Slate CalendarTests.release.xcconfig */ = {isa = PBXFileReference; includeInIndex = 1; lastKnownFileType = text.xcconfig; name = "Pods-Slate CalendarTests.release.xcconfig"; path = "Pods/Target Support Files/Pods-Slate CalendarTests/Pods-Slate CalendarTests.release.xcconfig"; sourceTree = "<group>"; };
		D100C9B2AA4B980A7B1187B0 /* Pods_Slate_CalendarUITests.framework */ = {isa = PBXFileReference; explicitFileType = wrapper.framework; includeInIndex = 0; path = Pods_Slate_CalendarUITests.framework; sourceTree = BUILT_PRODUCTS_DIR; };
		E399B8BB1C485676F2896B51 /* Pods-Slate CalendarTests.debug.xcconfig */ = {isa = PBXFileReference; includeInIndex = 1; lastKnownFileType = text.xcconfig; name = "Pods-Slate CalendarTests.debug.xcconfig"; path = "Pods/Target Support Files/Pods-Slate CalendarTests/Pods-Slate CalendarTests.debug.xcconfig"; sourceTree = "<group>"; };
/* End PBXFileReference section */

/* Begin PBXFrameworksBuildPhase section */
		27BDFD721E1D9E0500B8C474 /* Frameworks */ = {
			isa = PBXFrameworksBuildPhase;
			buildActionMask = 2147483647;
			files = (
				97215F337C13F387685BA9EE /* Pods_Slate_Calendar.framework in Frameworks */,
			);
			runOnlyForDeploymentPostprocessing = 0;
		};
		27BDFD861E1D9E0500B8C474 /* Frameworks */ = {
			isa = PBXFrameworksBuildPhase;
			buildActionMask = 2147483647;
			files = (
				89A6D30701015F6C36C01ED9 /* Pods_Slate_CalendarTests.framework in Frameworks */,
			);
			runOnlyForDeploymentPostprocessing = 0;
		};
		27BDFD911E1D9E0500B8C474 /* Frameworks */ = {
			isa = PBXFrameworksBuildPhase;
			buildActionMask = 2147483647;
			files = (
				F2CC678A7633D403168682FB /* Pods_Slate_CalendarUITests.framework in Frameworks */,
			);
			runOnlyForDeploymentPostprocessing = 0;
		};
/* End PBXFrameworksBuildPhase section */

/* Begin PBXGroup section */
		03919F291FBE3B310BE82C80 /* Pods */ = {
			isa = PBXGroup;
			children = (
				17BA721BB0556F757E2249E8 /* Pods-Slate Calendar.debug.xcconfig */,
				113AA588E9F202C994346248 /* Pods-Slate Calendar.release.xcconfig */,
				E399B8BB1C485676F2896B51 /* Pods-Slate CalendarTests.debug.xcconfig */,
				9B5E40D8AFDADA79176E69E8 /* Pods-Slate CalendarTests.release.xcconfig */,
				14FFD7AD1C4DCA7FCEF54453 /* Pods-Slate CalendarUITests.debug.xcconfig */,
				5704AD66E7A0106ECF91377D /* Pods-Slate CalendarUITests.release.xcconfig */,
			);
			name = Pods;
			sourceTree = "<group>";
		};
		272455751E1DCCA900F3856F /* Classes */ = {
			isa = PBXGroup;
			children = (
				272455731E1DCCA400F3856F /* Category.swift */,
				270991041E1E289000267071 /* StepSlider.swift */,
				27BDFDA91E1DBE1700B8C474 /* CategoryCollectionCell.swift */,
				2757074A1E2733B3002A3060 /* CategoryEditCell.swift */,
				27BA98031E2C937B0055AA54 /* NameLocationFrequencyCell.swift */,
				27190C5A1E1F4147002D3CB4 /* QuickDayPickerCell.swift */,
				279022621E209BF10062FFE8 /* EventListCell.swift */,
				27AAE8B71E3D8A37006D2173 /* LocationListCell.swift */,
				27F4D5CE1E2EADD4005EDD36 /* AutocompleteTextField.swift */,
			);
			name = Classes;
			sourceTree = "<group>";
		};
		277EDB671E52636500CD172B /* Splash Screen */ = {
			isa = PBXGroup;
			children = (
				277EDB6E1E52687A00CD172B /* RootContainerViewController.swift */,
				277EDB651E52614000CD172B /* SplashScreen.swift */,
				277EDB681E52637000CD172B /* TileGridView.swift */,
				277EDB6A1E52637500CD172B /* TileView.swift */,
				277EDB6C1E52651400CD172B /* SplashScreenOptions.swift */,
			);
			name = "Splash Screen";
			sourceTree = "<group>";
		};
		27BDFD6C1E1D9E0500B8C474 = {
			isa = PBXGroup;
			children = (
				27BDFD771E1D9E0500B8C474 /* Calendar Event Template App */,
				27BDFD8C1E1D9E0500B8C474 /* Calendar Event Template AppTests */,
				27BDFD971E1D9E0500B8C474 /* Calendar Event Template AppUITests */,
				27BDFD761E1D9E0500B8C474 /* Products */,
				03919F291FBE3B310BE82C80 /* Pods */,
				C38D0F7FAC302B845FE5E716 /* Frameworks */,
			);
			sourceTree = "<group>";
		};
		27BDFD761E1D9E0500B8C474 /* Products */ = {
			isa = PBXGroup;
			children = (
				27BDFD751E1D9E0500B8C474 /* Slate Calendar.app */,
				27BDFD891E1D9E0500B8C474 /* Slate CalendarTests.xctest */,
				27BDFD941E1D9E0500B8C474 /* Slate CalendarUITests.xctest */,
			);
			name = Products;
			sourceTree = "<group>";
		};
		27BDFD771E1D9E0500B8C474 /* Calendar Event Template App */ = {
			isa = PBXGroup;
			children = (
				27BDFD781E1D9E0500B8C474 /* AppDelegate.swift */,
				272455761E1DCE3000F3856F /* DataManager.swift */,
				27DC4E811E2089EA00F510D3 /* CalendarManager.swift */,
				274B29011E4073930005F22C /* AnalyticsManager.swift */,
				272455751E1DCCA900F3856F /* Classes */,
				27BDFDAB1E1DBE1A00B8C474 /* Extensions */,
				27BDFDA81E1DB94200B8C474 /* Screens */,
				27BDFD7C1E1D9E0500B8C474 /* Main.storyboard */,
				27BDFDA61E1DB4D100B8C474 /* Constants.swift */,
				27BDFD7F1E1D9E0500B8C474 /* Assets.xcassets */,
				27BDFD811E1D9E0500B8C474 /* LaunchScreen.storyboard */,
				27BDFD841E1D9E0500B8C474 /* Info.plist */,
				274B28FC1E4071B90005F22C /* GoogleService-Info.plist */,
				274B29001E4072280005F22C /* Slate Calendar-Bridging-Header.h */,
			);
			path = "Calendar Event Template App";
			sourceTree = "<group>";
		};
		27BDFD8C1E1D9E0500B8C474 /* Calendar Event Template AppTests */ = {
			isa = PBXGroup;
			children = (
				27BDFD8D1E1D9E0500B8C474 /* Calendar_Event_Template_AppTests.swift */,
				27BDFD8F1E1D9E0500B8C474 /* Info.plist */,
			);
			path = "Calendar Event Template AppTests";
			sourceTree = "<group>";
		};
		27BDFD971E1D9E0500B8C474 /* Calendar Event Template AppUITests */ = {
			isa = PBXGroup;
			children = (
				27BDFD981E1D9E0500B8C474 /* Calendar_Event_Template_AppUITests.swift */,
				27BDFD9A1E1D9E0500B8C474 /* Info.plist */,
			);
			path = "Calendar Event Template AppUITests";
			sourceTree = "<group>";
		};
		27BDFDA81E1DB94200B8C474 /* Screens */ = {
			isa = PBXGroup;
			children = (
				27CBC5001E35C4BA001CE9DA /* Onboarding */,
				277EDB671E52636500CD172B /* Splash Screen */,
				27BDFD7A1E1D9E0500B8C474 /* CategorySelection.swift */,
				2757074C1E27340A002A3060 /* CategoryEditing.swift */,
				2757074E1E2741E2002A3060 /* CategoryDetailsEdit.swift */,
				274FA89B1E1DCBC7008E297C /* EventDetails.swift */,
				2707362A1E20609E003E8B72 /* EventDetailsManager.swift */,
				274DD6AD1E457BF3003CD0F6 /* CalendarError.swift */,
			);
			name = Screens;
			sourceTree = "<group>";
		};
		27BDFDAB1E1DBE1A00B8C474 /* Extensions */ = {
			isa = PBXGroup;
			children = (
				279D7B6E1E1F4AF8005D1C84 /* HideKeyboardExtension.swift */,
				27DC4E7D1E2061B700F510D3 /* DateExtension.swift */,
				27DC4E7F1E20758500F510D3 /* CustomTextField.swift */,
				2770E12C1E3A8876003AA5F4 /* OnboardingPageExtensions.swift */,
				2770E12E1E3AAB80003AA5F4 /* AngleHelper.swift */,
				279E898B1E466A5400C38C6D /* CalendarErrorExtension.swift */,
			);
			name = Extensions;
			sourceTree = "<group>";
		};
		27CBC5001E35C4BA001CE9DA /* Onboarding */ = {
			isa = PBXGroup;
			children = (
				27CBC4FE1E35C4B4001CE9DA /* OnboardingPager.swift */,
				27CBC5011E35C4FF001CE9DA /* OnboardingPageOne.swift */,
				27CBC5031E35C5E8001CE9DA /* OnboardingPageTwo.swift */,
				27AAE8B91E3DAB73006D2173 /* OnboardingPageThree.swift */,
				27CBC5071E35C6DD001CE9DA /* OnboardingPageFour.swift */,
			);
			name = Onboarding;
			sourceTree = "<group>";
		};
		C38D0F7FAC302B845FE5E716 /* Frameworks */ = {
			isa = PBXGroup;
			children = (
				3C4CD9236060C1CA0576533A /* Pods_Slate_Calendar.framework */,
				51576BE6263A154988E5344E /* Pods_Slate_CalendarTests.framework */,
				D100C9B2AA4B980A7B1187B0 /* Pods_Slate_CalendarUITests.framework */,
			);
			name = Frameworks;
			sourceTree = "<group>";
		};
/* End PBXGroup section */

/* Begin PBXNativeTarget section */
		27BDFD741E1D9E0500B8C474 /* Slate Calendar */ = {
			isa = PBXNativeTarget;
			buildConfigurationList = 27BDFD9D1E1D9E0500B8C474 /* Build configuration list for PBXNativeTarget "Slate Calendar" */;
			buildPhases = (
				D9F4B298E2ACF602E760FF30 /* [CP] Check Pods Manifest.lock */,
				27BDFD711E1D9E0500B8C474 /* Sources */,
				27BDFD721E1D9E0500B8C474 /* Frameworks */,
				27BDFD731E1D9E0500B8C474 /* Resources */,
				570E9C977F29FECBC81198CB /* [CP] Embed Pods Frameworks */,
				5A563F76793616B1FC67E871 /* [CP] Copy Pods Resources */,
			);
			buildRules = (
			);
			dependencies = (
			);
			name = "Slate Calendar";
			productName = "Calendar Event Template App";
			productReference = 27BDFD751E1D9E0500B8C474 /* Slate Calendar.app */;
			productType = "com.apple.product-type.application";
		};
		27BDFD881E1D9E0500B8C474 /* Slate CalendarTests */ = {
			isa = PBXNativeTarget;
			buildConfigurationList = 27BDFDA01E1D9E0500B8C474 /* Build configuration list for PBXNativeTarget "Slate CalendarTests" */;
			buildPhases = (
				9D518DF4B3C344E30FE742D5 /* [CP] Check Pods Manifest.lock */,
				27BDFD851E1D9E0500B8C474 /* Sources */,
				27BDFD861E1D9E0500B8C474 /* Frameworks */,
				27BDFD871E1D9E0500B8C474 /* Resources */,
				3BB3993360EDB4703F005B4B /* [CP] Embed Pods Frameworks */,
				CB7A462A9BCBE15CAA72BBFE /* [CP] Copy Pods Resources */,
			);
			buildRules = (
			);
			dependencies = (
				27BDFD8B1E1D9E0500B8C474 /* PBXTargetDependency */,
			);
			name = "Slate CalendarTests";
			productName = "Calendar Event Template AppTests";
			productReference = 27BDFD891E1D9E0500B8C474 /* Slate CalendarTests.xctest */;
			productType = "com.apple.product-type.bundle.unit-test";
		};
		27BDFD931E1D9E0500B8C474 /* Slate CalendarUITests */ = {
			isa = PBXNativeTarget;
			buildConfigurationList = 27BDFDA31E1D9E0500B8C474 /* Build configuration list for PBXNativeTarget "Slate CalendarUITests" */;
			buildPhases = (
				67F549761BD9F5948E527BB4 /* [CP] Check Pods Manifest.lock */,
				27BDFD901E1D9E0500B8C474 /* Sources */,
				27BDFD911E1D9E0500B8C474 /* Frameworks */,
				27BDFD921E1D9E0500B8C474 /* Resources */,
				BC471A8FA71D14173CF85F52 /* [CP] Embed Pods Frameworks */,
				9F38DE5CCD811D1E3FB1D26A /* [CP] Copy Pods Resources */,
			);
			buildRules = (
			);
			dependencies = (
				27BDFD961E1D9E0500B8C474 /* PBXTargetDependency */,
			);
			name = "Slate CalendarUITests";
			productName = "Calendar Event Template AppUITests";
			productReference = 27BDFD941E1D9E0500B8C474 /* Slate CalendarUITests.xctest */;
			productType = "com.apple.product-type.bundle.ui-testing";
		};
/* End PBXNativeTarget section */

/* Begin PBXProject section */
		27BDFD6D1E1D9E0500B8C474 /* Project object */ = {
			isa = PBXProject;
			attributes = {
				LastSwiftUpdateCheck = 0820;
				LastUpgradeCheck = 0820;
				ORGANIZATIONNAME = "Kevin Hou";
				TargetAttributes = {
					27BDFD741E1D9E0500B8C474 = {
						CreatedOnToolsVersion = 8.2.1;
						DevelopmentTeam = AWEXUMS854;
						LastSwiftMigration = 0820;
						ProvisioningStyle = Automatic;
					};
					27BDFD881E1D9E0500B8C474 = {
						CreatedOnToolsVersion = 8.2.1;
						DevelopmentTeam = AWEXUMS854;
						LastSwiftMigration = 0820;
						ProvisioningStyle = Automatic;
						TestTargetID = 27BDFD741E1D9E0500B8C474;
					};
					27BDFD931E1D9E0500B8C474 = {
						CreatedOnToolsVersion = 8.2.1;
						DevelopmentTeam = AWEXUMS854;
						LastSwiftMigration = 0820;
						ProvisioningStyle = Automatic;
						TestTargetID = 27BDFD741E1D9E0500B8C474;
					};
				};
			};
			buildConfigurationList = 27BDFD701E1D9E0500B8C474 /* Build configuration list for PBXProject "Slate Calendar" */;
			compatibilityVersion = "Xcode 3.2";
			developmentRegion = English;
			hasScannedForEncodings = 0;
			knownRegions = (
				en,
				Base,
			);
			mainGroup = 27BDFD6C1E1D9E0500B8C474;
			productRefGroup = 27BDFD761E1D9E0500B8C474 /* Products */;
			projectDirPath = "";
			projectRoot = "";
			targets = (
				27BDFD741E1D9E0500B8C474 /* Slate Calendar */,
				27BDFD881E1D9E0500B8C474 /* Slate CalendarTests */,
				27BDFD931E1D9E0500B8C474 /* Slate CalendarUITests */,
			);
		};
/* End PBXProject section */

/* Begin PBXResourcesBuildPhase section */
		27BDFD731E1D9E0500B8C474 /* Resources */ = {
			isa = PBXResourcesBuildPhase;
			buildActionMask = 2147483647;
			files = (
				27BDFD831E1D9E0500B8C474 /* LaunchScreen.storyboard in Resources */,
				274B28FD1E4071B90005F22C /* GoogleService-Info.plist in Resources */,
				27BDFD801E1D9E0500B8C474 /* Assets.xcassets in Resources */,
				27BDFD7E1E1D9E0500B8C474 /* Main.storyboard in Resources */,
			);
			runOnlyForDeploymentPostprocessing = 0;
		};
		27BDFD871E1D9E0500B8C474 /* Resources */ = {
			isa = PBXResourcesBuildPhase;
			buildActionMask = 2147483647;
			files = (
				274B28FE1E4071B90005F22C /* GoogleService-Info.plist in Resources */,
			);
			runOnlyForDeploymentPostprocessing = 0;
		};
		27BDFD921E1D9E0500B8C474 /* Resources */ = {
			isa = PBXResourcesBuildPhase;
			buildActionMask = 2147483647;
			files = (
				274B28FF1E4071B90005F22C /* GoogleService-Info.plist in Resources */,
			);
			runOnlyForDeploymentPostprocessing = 0;
		};
/* End PBXResourcesBuildPhase section */

/* Begin PBXShellScriptBuildPhase section */
		3BB3993360EDB4703F005B4B /* [CP] Embed Pods Frameworks */ = {
			isa = PBXShellScriptBuildPhase;
			buildActionMask = 2147483647;
			files = (
			);
			inputPaths = (
			);
			name = "[CP] Embed Pods Frameworks";
			outputPaths = (
			);
			runOnlyForDeploymentPostprocessing = 0;
			shellPath = /bin/sh;
			shellScript = "\"${SRCROOT}/Pods/Target Support Files/Pods-Slate CalendarTests/Pods-Slate CalendarTests-frameworks.sh\"\n";
			showEnvVarsInLog = 0;
		};
		570E9C977F29FECBC81198CB /* [CP] Embed Pods Frameworks */ = {
			isa = PBXShellScriptBuildPhase;
			buildActionMask = 2147483647;
			files = (
			);
			inputPaths = (
			);
			name = "[CP] Embed Pods Frameworks";
			outputPaths = (
			);
			runOnlyForDeploymentPostprocessing = 0;
			shellPath = /bin/sh;
			shellScript = "\"${SRCROOT}/Pods/Target Support Files/Pods-Slate Calendar/Pods-Slate Calendar-frameworks.sh\"\n";
			showEnvVarsInLog = 0;
		};
		5A563F76793616B1FC67E871 /* [CP] Copy Pods Resources */ = {
			isa = PBXShellScriptBuildPhase;
			buildActionMask = 2147483647;
			files = (
			);
			inputPaths = (
			);
			name = "[CP] Copy Pods Resources";
			outputPaths = (
			);
			runOnlyForDeploymentPostprocessing = 0;
			shellPath = /bin/sh;
			shellScript = "\"${SRCROOT}/Pods/Target Support Files/Pods-Slate Calendar/Pods-Slate Calendar-resources.sh\"\n";
			showEnvVarsInLog = 0;
		};
		67F549761BD9F5948E527BB4 /* [CP] Check Pods Manifest.lock */ = {
			isa = PBXShellScriptBuildPhase;
			buildActionMask = 2147483647;
			files = (
			);
			inputPaths = (
			);
			name = "[CP] Check Pods Manifest.lock";
			outputPaths = (
			);
			runOnlyForDeploymentPostprocessing = 0;
			shellPath = /bin/sh;
			shellScript = "diff \"${PODS_ROOT}/../Podfile.lock\" \"${PODS_ROOT}/Manifest.lock\" > /dev/null\nif [ $? != 0 ] ; then\n    # print error to STDERR\n    echo \"error: The sandbox is not in sync with the Podfile.lock. Run 'pod install' or update your CocoaPods installation.\" >&2\n    exit 1\nfi\n";
			showEnvVarsInLog = 0;
		};
		9D518DF4B3C344E30FE742D5 /* [CP] Check Pods Manifest.lock */ = {
			isa = PBXShellScriptBuildPhase;
			buildActionMask = 2147483647;
			files = (
			);
			inputPaths = (
			);
			name = "[CP] Check Pods Manifest.lock";
			outputPaths = (
			);
			runOnlyForDeploymentPostprocessing = 0;
			shellPath = /bin/sh;
			shellScript = "diff \"${PODS_ROOT}/../Podfile.lock\" \"${PODS_ROOT}/Manifest.lock\" > /dev/null\nif [ $? != 0 ] ; then\n    # print error to STDERR\n    echo \"error: The sandbox is not in sync with the Podfile.lock. Run 'pod install' or update your CocoaPods installation.\" >&2\n    exit 1\nfi\n";
			showEnvVarsInLog = 0;
		};
		9F38DE5CCD811D1E3FB1D26A /* [CP] Copy Pods Resources */ = {
			isa = PBXShellScriptBuildPhase;
			buildActionMask = 2147483647;
			files = (
			);
			inputPaths = (
			);
			name = "[CP] Copy Pods Resources";
			outputPaths = (
			);
			runOnlyForDeploymentPostprocessing = 0;
			shellPath = /bin/sh;
			shellScript = "\"${SRCROOT}/Pods/Target Support Files/Pods-Slate CalendarUITests/Pods-Slate CalendarUITests-resources.sh\"\n";
			showEnvVarsInLog = 0;
		};
		BC471A8FA71D14173CF85F52 /* [CP] Embed Pods Frameworks */ = {
			isa = PBXShellScriptBuildPhase;
			buildActionMask = 2147483647;
			files = (
			);
			inputPaths = (
			);
			name = "[CP] Embed Pods Frameworks";
			outputPaths = (
			);
			runOnlyForDeploymentPostprocessing = 0;
			shellPath = /bin/sh;
			shellScript = "\"${SRCROOT}/Pods/Target Support Files/Pods-Slate CalendarUITests/Pods-Slate CalendarUITests-frameworks.sh\"\n";
			showEnvVarsInLog = 0;
		};
		CB7A462A9BCBE15CAA72BBFE /* [CP] Copy Pods Resources */ = {
			isa = PBXShellScriptBuildPhase;
			buildActionMask = 2147483647;
			files = (
			);
			inputPaths = (
			);
			name = "[CP] Copy Pods Resources";
			outputPaths = (
			);
			runOnlyForDeploymentPostprocessing = 0;
			shellPath = /bin/sh;
			shellScript = "\"${SRCROOT}/Pods/Target Support Files/Pods-Slate CalendarTests/Pods-Slate CalendarTests-resources.sh\"\n";
			showEnvVarsInLog = 0;
		};
		D9F4B298E2ACF602E760FF30 /* [CP] Check Pods Manifest.lock */ = {
			isa = PBXShellScriptBuildPhase;
			buildActionMask = 2147483647;
			files = (
			);
			inputPaths = (
			);
			name = "[CP] Check Pods Manifest.lock";
			outputPaths = (
			);
			runOnlyForDeploymentPostprocessing = 0;
			shellPath = /bin/sh;
			shellScript = "diff \"${PODS_ROOT}/../Podfile.lock\" \"${PODS_ROOT}/Manifest.lock\" > /dev/null\nif [ $? != 0 ] ; then\n    # print error to STDERR\n    echo \"error: The sandbox is not in sync with the Podfile.lock. Run 'pod install' or update your CocoaPods installation.\" >&2\n    exit 1\nfi\n";
			showEnvVarsInLog = 0;
		};
/* End PBXShellScriptBuildPhase section */

/* Begin PBXSourcesBuildPhase section */
		27BDFD711E1D9E0500B8C474 /* Sources */ = {
			isa = PBXSourcesBuildPhase;
			buildActionMask = 2147483647;
			files = (
				27DC4E801E20758500F510D3 /* CustomTextField.swift in Sources */,
				27BDFDAA1E1DBE1700B8C474 /* CategoryCollectionCell.swift in Sources */,
				27CBC5041E35C5E8001CE9DA /* OnboardingPageTwo.swift in Sources */,
				2757074F1E2741E2002A3060 /* CategoryDetailsEdit.swift in Sources */,
				27DC4E7E1E2061B700F510D3 /* DateExtension.swift in Sources */,
				27DC4E821E2089EA00F510D3 /* CalendarManager.swift in Sources */,
				277EDB6D1E52651400CD172B /* SplashScreenOptions.swift in Sources */,
				274FA89C1E1DCBC7008E297C /* EventDetails.swift in Sources */,
				2757074B1E2733B3002A3060 /* CategoryEditCell.swift in Sources */,
				279D7B6F1E1F4AF8005D1C84 /* HideKeyboardExtension.swift in Sources */,
				27CBC4FF1E35C4B4001CE9DA /* OnboardingPager.swift in Sources */,
				27BA98041E2C937B0055AA54 /* NameLocationFrequencyCell.swift in Sources */,
				270991051E1E289000267071 /* StepSlider.swift in Sources */,
				277EDB6B1E52637500CD172B /* TileView.swift in Sources */,
				279E898C1E466A5400C38C6D /* CalendarErrorExtension.swift in Sources */,
				27CBC5081E35C6DD001CE9DA /* OnboardingPageFour.swift in Sources */,
				27BDFD7B1E1D9E0500B8C474 /* CategorySelection.swift in Sources */,
				272455771E1DCE3000F3856F /* DataManager.swift in Sources */,
				277EDB691E52637000CD172B /* TileGridView.swift in Sources */,
				2770E12F1E3AAB80003AA5F4 /* AngleHelper.swift in Sources */,
				274DD6AE1E457BF3003CD0F6 /* CalendarError.swift in Sources */,
				27BDFD791E1D9E0500B8C474 /* AppDelegate.swift in Sources */,
				277EDB6F1E52687A00CD172B /* RootContainerViewController.swift in Sources */,
				2707362B1E20609E003E8B72 /* EventDetailsManager.swift in Sources */,
				274B29021E4073930005F22C /* AnalyticsManager.swift in Sources */,
				27AAE8B81E3D8A37006D2173 /* LocationListCell.swift in Sources */,
				27AAE8BA1E3DAB73006D2173 /* OnboardingPageThree.swift in Sources */,
				27BDFDA71E1DB4D100B8C474 /* Constants.swift in Sources */,
				277EDB661E52614100CD172B /* SplashScreen.swift in Sources */,
				272455741E1DCCA400F3856F /* Category.swift in Sources */,
				2757074D1E27340A002A3060 /* CategoryEditing.swift in Sources */,
				27F4D5CF1E2EADD4005EDD36 /* AutocompleteTextField.swift in Sources */,
				279022631E209BF10062FFE8 /* EventListCell.swift in Sources */,
				27CBC5021E35C4FF001CE9DA /* OnboardingPageOne.swift in Sources */,
				27190C5B1E1F4147002D3CB4 /* QuickDayPickerCell.swift in Sources */,
				2770E12D1E3A8876003AA5F4 /* OnboardingPageExtensions.swift in Sources */,
			);
			runOnlyForDeploymentPostprocessing = 0;
		};
		27BDFD851E1D9E0500B8C474 /* Sources */ = {
			isa = PBXSourcesBuildPhase;
			buildActionMask = 2147483647;
			files = (
				274B29031E4073930005F22C /* AnalyticsManager.swift in Sources */,
				27BDFD8E1E1D9E0500B8C474 /* Calendar_Event_Template_AppTests.swift in Sources */,
			);
			runOnlyForDeploymentPostprocessing = 0;
		};
		27BDFD901E1D9E0500B8C474 /* Sources */ = {
			isa = PBXSourcesBuildPhase;
			buildActionMask = 2147483647;
			files = (
				274B29041E4073930005F22C /* AnalyticsManager.swift in Sources */,
				27BDFD991E1D9E0500B8C474 /* Calendar_Event_Template_AppUITests.swift in Sources */,
			);
			runOnlyForDeploymentPostprocessing = 0;
		};
/* End PBXSourcesBuildPhase section */

/* Begin PBXTargetDependency section */
		27BDFD8B1E1D9E0500B8C474 /* PBXTargetDependency */ = {
			isa = PBXTargetDependency;
			target = 27BDFD741E1D9E0500B8C474 /* Slate Calendar */;
			targetProxy = 27BDFD8A1E1D9E0500B8C474 /* PBXContainerItemProxy */;
		};
		27BDFD961E1D9E0500B8C474 /* PBXTargetDependency */ = {
			isa = PBXTargetDependency;
			target = 27BDFD741E1D9E0500B8C474 /* Slate Calendar */;
			targetProxy = 27BDFD951E1D9E0500B8C474 /* PBXContainerItemProxy */;
		};
/* End PBXTargetDependency section */

/* Begin PBXVariantGroup section */
		27BDFD7C1E1D9E0500B8C474 /* Main.storyboard */ = {
			isa = PBXVariantGroup;
			children = (
				27BDFD7D1E1D9E0500B8C474 /* Base */,
			);
			name = Main.storyboard;
			sourceTree = "<group>";
		};
		27BDFD811E1D9E0500B8C474 /* LaunchScreen.storyboard */ = {
			isa = PBXVariantGroup;
			children = (
				27BDFD821E1D9E0500B8C474 /* Base */,
			);
			name = LaunchScreen.storyboard;
			sourceTree = "<group>";
		};
/* End PBXVariantGroup section */

/* Begin XCBuildConfiguration section */
		27BDFD9B1E1D9E0500B8C474 /* Debug */ = {
			isa = XCBuildConfiguration;
			buildSettings = {
				ALWAYS_SEARCH_USER_PATHS = NO;
				CLANG_ANALYZER_NONNULL = YES;
				CLANG_CXX_LANGUAGE_STANDARD = "gnu++0x";
				CLANG_CXX_LIBRARY = "libc++";
				CLANG_ENABLE_MODULES = YES;
				CLANG_ENABLE_OBJC_ARC = YES;
				CLANG_WARN_BOOL_CONVERSION = YES;
				CLANG_WARN_CONSTANT_CONVERSION = YES;
				CLANG_WARN_DIRECT_OBJC_ISA_USAGE = YES_ERROR;
				CLANG_WARN_DOCUMENTATION_COMMENTS = YES;
				CLANG_WARN_EMPTY_BODY = YES;
				CLANG_WARN_ENUM_CONVERSION = YES;
				CLANG_WARN_INFINITE_RECURSION = YES;
				CLANG_WARN_INT_CONVERSION = YES;
				CLANG_WARN_OBJC_ROOT_CLASS = YES_ERROR;
				CLANG_WARN_SUSPICIOUS_MOVE = YES;
				CLANG_WARN_UNREACHABLE_CODE = YES;
				CLANG_WARN__DUPLICATE_METHOD_MATCH = YES;
				"CODE_SIGN_IDENTITY[sdk=iphoneos*]" = "iPhone Developer";
				COPY_PHASE_STRIP = NO;
				DEBUG_INFORMATION_FORMAT = dwarf;
				ENABLE_STRICT_OBJC_MSGSEND = YES;
				ENABLE_TESTABILITY = YES;
				GCC_C_LANGUAGE_STANDARD = gnu99;
				GCC_DYNAMIC_NO_PIC = NO;
				GCC_NO_COMMON_BLOCKS = YES;
				GCC_OPTIMIZATION_LEVEL = 0;
				GCC_PREPROCESSOR_DEFINITIONS = (
					"DEBUG=1",
					"$(inherited)",
				);
				GCC_WARN_64_TO_32_BIT_CONVERSION = YES;
				GCC_WARN_ABOUT_RETURN_TYPE = YES_ERROR;
				GCC_WARN_UNDECLARED_SELECTOR = YES;
				GCC_WARN_UNINITIALIZED_AUTOS = YES_AGGRESSIVE;
				GCC_WARN_UNUSED_FUNCTION = YES;
				GCC_WARN_UNUSED_VARIABLE = YES;
				IPHONEOS_DEPLOYMENT_TARGET = 10.2;
				MTL_ENABLE_DEBUG_INFO = YES;
				ONLY_ACTIVE_ARCH = YES;
				SDKROOT = iphoneos;
				SWIFT_ACTIVE_COMPILATION_CONDITIONS = DEBUG;
				SWIFT_OPTIMIZATION_LEVEL = "-Onone";
				TARGETED_DEVICE_FAMILY = "1,2";
			};
			name = Debug;
		};
		27BDFD9C1E1D9E0500B8C474 /* Release */ = {
			isa = XCBuildConfiguration;
			buildSettings = {
				ALWAYS_SEARCH_USER_PATHS = NO;
				CLANG_ANALYZER_NONNULL = YES;
				CLANG_CXX_LANGUAGE_STANDARD = "gnu++0x";
				CLANG_CXX_LIBRARY = "libc++";
				CLANG_ENABLE_MODULES = YES;
				CLANG_ENABLE_OBJC_ARC = YES;
				CLANG_WARN_BOOL_CONVERSION = YES;
				CLANG_WARN_CONSTANT_CONVERSION = YES;
				CLANG_WARN_DIRECT_OBJC_ISA_USAGE = YES_ERROR;
				CLANG_WARN_DOCUMENTATION_COMMENTS = YES;
				CLANG_WARN_EMPTY_BODY = YES;
				CLANG_WARN_ENUM_CONVERSION = YES;
				CLANG_WARN_INFINITE_RECURSION = YES;
				CLANG_WARN_INT_CONVERSION = YES;
				CLANG_WARN_OBJC_ROOT_CLASS = YES_ERROR;
				CLANG_WARN_SUSPICIOUS_MOVE = YES;
				CLANG_WARN_UNREACHABLE_CODE = YES;
				CLANG_WARN__DUPLICATE_METHOD_MATCH = YES;
				"CODE_SIGN_IDENTITY[sdk=iphoneos*]" = "iPhone Developer";
				COPY_PHASE_STRIP = NO;
				DEBUG_INFORMATION_FORMAT = "dwarf-with-dsym";
				ENABLE_NS_ASSERTIONS = NO;
				ENABLE_STRICT_OBJC_MSGSEND = YES;
				GCC_C_LANGUAGE_STANDARD = gnu99;
				GCC_NO_COMMON_BLOCKS = YES;
				GCC_WARN_64_TO_32_BIT_CONVERSION = YES;
				GCC_WARN_ABOUT_RETURN_TYPE = YES_ERROR;
				GCC_WARN_UNDECLARED_SELECTOR = YES;
				GCC_WARN_UNINITIALIZED_AUTOS = YES_AGGRESSIVE;
				GCC_WARN_UNUSED_FUNCTION = YES;
				GCC_WARN_UNUSED_VARIABLE = YES;
				IPHONEOS_DEPLOYMENT_TARGET = 10.2;
				MTL_ENABLE_DEBUG_INFO = NO;
				SDKROOT = iphoneos;
				SWIFT_OPTIMIZATION_LEVEL = "-Owholemodule";
				TARGETED_DEVICE_FAMILY = "1,2";
				VALIDATE_PRODUCT = YES;
			};
			name = Release;
		};
		27BDFD9E1E1D9E0500B8C474 /* Debug */ = {
			isa = XCBuildConfiguration;
			baseConfigurationReference = 17BA721BB0556F757E2249E8 /* Pods-Slate Calendar.debug.xcconfig */;
			buildSettings = {
				ASSETCATALOG_COMPILER_APPICON_NAME = AppIcon;
				CLANG_ENABLE_MODULES = YES;
				DEVELOPMENT_TEAM = AWEXUMS854;
				INFOPLIST_FILE = "Calendar Event Template App/Info.plist";
				IPHONEOS_DEPLOYMENT_TARGET = 10.0;
				LD_RUNPATH_SEARCH_PATHS = "$(inherited) @executable_path/Frameworks";
				PRODUCT_BUNDLE_IDENTIFIER = "kevinhou.Calendar-Event-Template-App";
				PRODUCT_NAME = "$(TARGET_NAME)";
				SWIFT_OBJC_BRIDGING_HEADER = "Calendar Event Template App/Slate Calendar-Bridging-Header.h";
				SWIFT_OPTIMIZATION_LEVEL = "-Onone";
				SWIFT_VERSION = 3.0;
			};
			name = Debug;
		};
		27BDFD9F1E1D9E0500B8C474 /* Release */ = {
			isa = XCBuildConfiguration;
			baseConfigurationReference = 113AA588E9F202C994346248 /* Pods-Slate Calendar.release.xcconfig */;
			buildSettings = {
				ASSETCATALOG_COMPILER_APPICON_NAME = AppIcon;
				CLANG_ENABLE_MODULES = YES;
				DEVELOPMENT_TEAM = AWEXUMS854;
				INFOPLIST_FILE = "Calendar Event Template App/Info.plist";
				IPHONEOS_DEPLOYMENT_TARGET = 10.0;
				LD_RUNPATH_SEARCH_PATHS = "$(inherited) @executable_path/Frameworks";
				PRODUCT_BUNDLE_IDENTIFIER = "kevinhou.Calendar-Event-Template-App";
				PRODUCT_NAME = "$(TARGET_NAME)";
				SWIFT_OBJC_BRIDGING_HEADER = "Calendar Event Template App/Slate Calendar-Bridging-Header.h";
				SWIFT_VERSION = 3.0;
			};
			name = Release;
		};
		27BDFDA11E1D9E0500B8C474 /* Debug */ = {
			isa = XCBuildConfiguration;
			baseConfigurationReference = E399B8BB1C485676F2896B51 /* Pods-Slate CalendarTests.debug.xcconfig */;
			buildSettings = {
				ALWAYS_EMBED_SWIFT_STANDARD_LIBRARIES = YES;
				BUNDLE_LOADER = "$(TEST_HOST)";
				DEVELOPMENT_TEAM = AWEXUMS854;
				INFOPLIST_FILE = "Calendar Event Template AppTests/Info.plist";
				LD_RUNPATH_SEARCH_PATHS = "$(inherited) @executable_path/Frameworks @loader_path/Frameworks";
				PRODUCT_BUNDLE_IDENTIFIER = "kevinhou.Calendar-Event-Template-AppTests";
				PRODUCT_NAME = "$(TARGET_NAME)";
				SWIFT_VERSION = 3.0;
				TEST_HOST = "$(BUILT_PRODUCTS_DIR)/Slate Calendar.app/Slate Calendar";
			};
			name = Debug;
		};
		27BDFDA21E1D9E0500B8C474 /* Release */ = {
			isa = XCBuildConfiguration;
			baseConfigurationReference = 9B5E40D8AFDADA79176E69E8 /* Pods-Slate CalendarTests.release.xcconfig */;
			buildSettings = {
				ALWAYS_EMBED_SWIFT_STANDARD_LIBRARIES = YES;
				BUNDLE_LOADER = "$(TEST_HOST)";
				DEVELOPMENT_TEAM = AWEXUMS854;
				INFOPLIST_FILE = "Calendar Event Template AppTests/Info.plist";
				LD_RUNPATH_SEARCH_PATHS = "$(inherited) @executable_path/Frameworks @loader_path/Frameworks";
				PRODUCT_BUNDLE_IDENTIFIER = "kevinhou.Calendar-Event-Template-AppTests";
				PRODUCT_NAME = "$(TARGET_NAME)";
				SWIFT_VERSION = 3.0;
				TEST_HOST = "$(BUILT_PRODUCTS_DIR)/Slate Calendar.app/Slate Calendar";
			};
			name = Release;
		};
		27BDFDA41E1D9E0500B8C474 /* Debug */ = {
			isa = XCBuildConfiguration;
			baseConfigurationReference = 14FFD7AD1C4DCA7FCEF54453 /* Pods-Slate CalendarUITests.debug.xcconfig */;
			buildSettings = {
				ALWAYS_EMBED_SWIFT_STANDARD_LIBRARIES = YES;
				DEVELOPMENT_TEAM = AWEXUMS854;
				INFOPLIST_FILE = "Calendar Event Template AppUITests/Info.plist";
				LD_RUNPATH_SEARCH_PATHS = "$(inherited) @executable_path/Frameworks @loader_path/Frameworks";
				PRODUCT_BUNDLE_IDENTIFIER = "kevinhou.Calendar-Event-Template-AppUITests";
				PRODUCT_NAME = "$(TARGET_NAME)";
				SWIFT_VERSION = 3.0;
				TEST_TARGET_NAME = "Calendar Event Template App";
			};
			name = Debug;
		};
		27BDFDA51E1D9E0500B8C474 /* Release */ = {
			isa = XCBuildConfiguration;
			baseConfigurationReference = 5704AD66E7A0106ECF91377D /* Pods-Slate CalendarUITests.release.xcconfig */;
			buildSettings = {
				ALWAYS_EMBED_SWIFT_STANDARD_LIBRARIES = YES;
				DEVELOPMENT_TEAM = AWEXUMS854;
				INFOPLIST_FILE = "Calendar Event Template AppUITests/Info.plist";
				LD_RUNPATH_SEARCH_PATHS = "$(inherited) @executable_path/Frameworks @loader_path/Frameworks";
				PRODUCT_BUNDLE_IDENTIFIER = "kevinhou.Calendar-Event-Template-AppUITests";
				PRODUCT_NAME = "$(TARGET_NAME)";
				SWIFT_VERSION = 3.0;
				TEST_TARGET_NAME = "Calendar Event Template App";
			};
			name = Release;
		};
/* End XCBuildConfiguration section */

/* Begin XCConfigurationList section */
		27BDFD701E1D9E0500B8C474 /* Build configuration list for PBXProject "Slate Calendar" */ = {
			isa = XCConfigurationList;
			buildConfigurations = (
				27BDFD9B1E1D9E0500B8C474 /* Debug */,
				27BDFD9C1E1D9E0500B8C474 /* Release */,
			);
			defaultConfigurationIsVisible = 0;
			defaultConfigurationName = Release;
		};
		27BDFD9D1E1D9E0500B8C474 /* Build configuration list for PBXNativeTarget "Slate Calendar" */ = {
			isa = XCConfigurationList;
			buildConfigurations = (
				27BDFD9E1E1D9E0500B8C474 /* Debug */,
				27BDFD9F1E1D9E0500B8C474 /* Release */,
			);
			defaultConfigurationIsVisible = 0;
			defaultConfigurationName = Release;
		};
		27BDFDA01E1D9E0500B8C474 /* Build configuration list for PBXNativeTarget "Slate CalendarTests" */ = {
			isa = XCConfigurationList;
			buildConfigurations = (
				27BDFDA11E1D9E0500B8C474 /* Debug */,
				27BDFDA21E1D9E0500B8C474 /* Release */,
			);
			defaultConfigurationIsVisible = 0;
			defaultConfigurationName = Release;
		};
		27BDFDA31E1D9E0500B8C474 /* Build configuration list for PBXNativeTarget "Slate CalendarUITests" */ = {
			isa = XCConfigurationList;
			buildConfigurations = (
				27BDFDA41E1D9E0500B8C474 /* Debug */,
				27BDFDA51E1D9E0500B8C474 /* Release */,
			);
			defaultConfigurationIsVisible = 0;
			defaultConfigurationName = Release;
		};
/* End XCConfigurationList section */
	};
	rootObject = 27BDFD6D1E1D9E0500B8C474 /* Project object */;
}
